
Microsoft Visual Studio Solution File, Format Version 12.00
# Visual Studio Version 17
VisualStudioVersion = 17.13.35806.99 d17.13
MinimumVisualStudioVersion = 10.0.40219.1
Project("{FAE04EC0-301F-11D3-BF4B-00C04F79EFBC}") = "AppServiceIssue", "AppServiceIssue\AppServiceIssue.csproj", "{367E59F9-0ABD-F04C-C2B7-33B8D8F43CA6}"
EndProject
Project("{C7167F0D-BC9F-4E6E-AFE1-012C56B48DB5}") = "Package", "Package\Package.wapproj", "{671BF29B-6700-4432-88C1-A2442FDEB125}"
EndProject
Project("{FAE04EC0-301F-11D3-BF4B-00C04F79EFBC}") = "WindowsAppService", "WindowsAppService\WindowsAppService.csproj", "{4BCCFD5F-AC15-CD39-15CA-6F13DB195BFD}"
EndProject
Global
	GlobalSection(SolutionConfigurationPlatforms) = preSolution
		Debug|Any CPU = Debug|Any CPU
		Debug|ARM = Debug|ARM
		Debug|ARM32 = Debug|ARM32
		Debug|ARM64 = Debug|ARM64
		Debug|x64 = Debug|x64
		Debug|x86 = Debug|x86
		Release|Any CPU = Release|Any CPU
		Release|ARM = Release|ARM
		Release|ARM32 = Release|ARM32
		Release|ARM64 = Release|ARM64
		Release|x64 = Release|x64
		Release|x86 = Release|x86
	EndGlobalSection
	GlobalSection(ProjectConfigurationPlatforms) = postSolution
		{367E59F9-0ABD-F04C-C2B7-33B8D8F43CA6}.Debug|Any CPU.ActiveCfg = Debug|Any CPU
		{367E59F9-0ABD-F04C-C2B7-33B8D8F43CA6}.Debug|Any CPU.Build.0 = Debug|Any CPU
		{367E59F9-0ABD-F04C-C2B7-33B8D8F43CA6}.Debug|ARM.ActiveCfg = Debug|Any CPU
		{367E59F9-0ABD-F04C-C2B7-33B8D8F43CA6}.Debug|ARM.Build.0 = Debug|Any CPU
		{367E59F9-0ABD-F04C-C2B7-33B8D8F43CA6}.Debug|ARM32.ActiveCfg = Debug|ARM32
		{367E59F9-0ABD-F04C-C2B7-33B8D8F43CA6}.Debug|ARM32.Build.0 = Debug|ARM32
		{367E59F9-0ABD-F04C-C2B7-33B8D8F43CA6}.Debug|ARM64.ActiveCfg = Debug|ARM64
		{367E59F9-0ABD-F04C-C2B7-33B8D8F43CA6}.Debug|ARM64.Build.0 = Debug|ARM64
		{367E59F9-0ABD-F04C-C2B7-33B8D8F43CA6}.Debug|x64.ActiveCfg = Debug|x64
		{367E59F9-0ABD-F04C-C2B7-33B8D8F43CA6}.Debug|x64.Build.0 = Debug|x64
		{367E59F9-0ABD-F04C-C2B7-33B8D8F43CA6}.Debug|x86.ActiveCfg = Debug|x86
		{367E59F9-0ABD-F04C-C2B7-33B8D8F43CA6}.Debug|x86.Build.0 = Debug|x86
		{367E59F9-0ABD-F04C-C2B7-33B8D8F43CA6}.Release|Any CPU.ActiveCfg = Release|Any CPU
		{367E59F9-0ABD-F04C-C2B7-33B8D8F43CA6}.Release|Any CPU.Build.0 = Release|Any CPU
		{367E59F9-0ABD-F04C-C2B7-33B8D8F43CA6}.Release|ARM.ActiveCfg = Release|Any CPU
		{367E59F9-0ABD-F04C-C2B7-33B8D8F43CA6}.Release|ARM.Build.0 = Release|Any CPU
		{367E59F9-0ABD-F04C-C2B7-33B8D8F43CA6}.Release|ARM32.ActiveCfg = Release|ARM32
		{367E59F9-0ABD-F04C-C2B7-33B8D8F43CA6}.Release|ARM32.Build.0 = Release|ARM32
		{367E59F9-0ABD-F04C-C2B7-33B8D8F43CA6}.Release|ARM64.ActiveCfg = Release|ARM64
		{367E59F9-0ABD-F04C-C2B7-33B8D8F43CA6}.Release|ARM64.Build.0 = Release|ARM64
		{367E59F9-0ABD-F04C-C2B7-33B8D8F43CA6}.Release|x64.ActiveCfg = Release|x64
		{367E59F9-0ABD-F04C-C2B7-33B8D8F43CA6}.Release|x64.Build.0 = Release|x64
		{367E59F9-0ABD-F04C-C2B7-33B8D8F43CA6}.Release|x86.ActiveCfg = Release|x86
		{367E59F9-0ABD-F04C-C2B7-33B8D8F43CA6}.Release|x86.Build.0 = Release|x86
		{671BF29B-6700-4432-88C1-A2442FDEB125}.Debug|Any CPU.ActiveCfg = Debug|Any CPU
		{671BF29B-6700-4432-88C1-A2442FDEB125}.Debug|Any CPU.Build.0 = Debug|Any CPU
		{671BF29B-6700-4432-88C1-A2442FDEB125}.Debug|Any CPU.Deploy.0 = Debug|Any CPU
		{671BF29B-6700-4432-88C1-A2442FDEB125}.Debug|ARM.ActiveCfg = Debug|ARM
		{671BF29B-6700-4432-88C1-A2442FDEB125}.Debug|ARM.Build.0 = Debug|ARM
		{671BF29B-6700-4432-88C1-A2442FDEB125}.Debug|ARM.Deploy.0 = Debug|ARM
		{671BF29B-6700-4432-88C1-A2442FDEB125}.Debug|ARM32.ActiveCfg = Debug|Any CPU
		{671BF29B-6700-4432-88C1-A2442FDEB125}.Debug|ARM32.Build.0 = Debug|Any CPU
		{671BF29B-6700-4432-88C1-A2442FDEB125}.Debug|ARM32.Deploy.0 = Debug|Any CPU
		{671BF29B-6700-4432-88C1-A2442FDEB125}.Debug|ARM64.ActiveCfg = Debug|ARM64
		{671BF29B-6700-4432-88C1-A2442FDEB125}.Debug|ARM64.Build.0 = Debug|ARM64
		{671BF29B-6700-4432-88C1-A2442FDEB125}.Debug|ARM64.Deploy.0 = Debug|ARM64
		{671BF29B-6700-4432-88C1-A2442FDEB125}.Debug|x64.ActiveCfg = Debug|x64
		{671BF29B-6700-4432-88C1-A2442FDEB125}.Debug|x64.Build.0 = Debug|x64
		{671BF29B-6700-4432-88C1-A2442FDEB125}.Debug|x64.Deploy.0 = Debug|x64
		{671BF29B-6700-4432-88C1-A2442FDEB125}.Debug|x86.ActiveCfg = Debug|x86
		{671BF29B-6700-4432-88C1-A2442FDEB125}.Debug|x86.Build.0 = Debug|x86
		{671BF29B-6700-4432-88C1-A2442FDEB125}.Debug|x86.Deploy.0 = Debug|x86
		{671BF29B-6700-4432-88C1-A2442FDEB125}.Release|Any CPU.ActiveCfg = Release|Any CPU
		{671BF29B-6700-4432-88C1-A2442FDEB125}.Release|Any CPU.Build.0 = Release|Any CPU
		{671BF29B-6700-4432-88C1-A2442FDEB125}.Release|Any CPU.Deploy.0 = Release|Any CPU
		{671BF29B-6700-4432-88C1-A2442FDEB125}.Release|ARM.ActiveCfg = Release|ARM
		{671BF29B-6700-4432-88C1-A2442FDEB125}.Release|ARM.Build.0 = Release|ARM
		{671BF29B-6700-4432-88C1-A2442FDEB125}.Release|ARM.Deploy.0 = Release|ARM
		{671BF29B-6700-4432-88C1-A2442FDEB125}.Release|ARM32.ActiveCfg = Release|Any CPU
		{671BF29B-6700-4432-88C1-A2442FDEB125}.Release|ARM32.Build.0 = Release|Any CPU
		{671BF29B-6700-4432-88C1-A2442FDEB125}.Release|ARM32.Deploy.0 = Release|Any CPU
		{671BF29B-6700-4432-88C1-A2442FDEB125}.Release|ARM64.ActiveCfg = Release|ARM64
		{671BF29B-6700-4432-88C1-A2442FDEB125}.Release|ARM64.Build.0 = Release|ARM64
		{671BF29B-6700-4432-88C1-A2442FDEB125}.Release|ARM64.Deploy.0 = Release|ARM64
		{671BF29B-6700-4432-88C1-A2442FDEB125}.Release|x64.ActiveCfg = Release|x64
		{671BF29B-6700-4432-88C1-A2442FDEB125}.Release|x64.Build.0 = Release|x64
		{671BF29B-6700-4432-88C1-A2442FDEB125}.Release|x64.Deploy.0 = Release|x64
		{671BF29B-6700-4432-88C1-A2442FDEB125}.Release|x86.ActiveCfg = Release|x86
		{671BF29B-6700-4432-88C1-A2442FDEB125}.Release|x86.Build.0 = Release|x86
		{671BF29B-6700-4432-88C1-A2442FDEB125}.Release|x86.Deploy.0 = Release|x86
		{4BCCFD5F-AC15-CD39-15CA-6F13DB195BFD}.Debug|Any CPU.ActiveCfg = Debug|Any CPU
		{4BCCFD5F-AC15-CD39-15CA-6F13DB195BFD}.Debug|Any CPU.Build.0 = Debug|Any CPU
		{4BCCFD5F-AC15-CD39-15CA-6F13DB195BFD}.Debug|ARM.ActiveCfg = Debug|Any CPU
		{4BCCFD5F-AC15-CD39-15CA-6F13DB195BFD}.Debug|ARM.Build.0 = Debug|Any CPU
		{4BCCFD5F-AC15-CD39-15CA-6F13DB195BFD}.Debug|ARM32.ActiveCfg = Debug|ARM32
		{4BCCFD5F-AC15-CD39-15CA-6F13DB195BFD}.Debug|ARM32.Build.0 = Debug|ARM32
		{4BCCFD5F-AC15-CD39-15CA-6F13DB195BFD}.Debug|ARM64.ActiveCfg = Debug|ARM64
		{4BCCFD5F-AC15-CD39-15CA-6F13DB195BFD}.Debug|ARM64.Build.0 = Debug|ARM64
		{4BCCFD5F-AC15-CD39-15CA-6F13DB195BFD}.Debug|x64.ActiveCfg = Debug|x64
		{4BCCFD5F-AC15-CD39-15CA-6F13DB195BFD}.Debug|x64.Build.0 = Debug|x64
		{4BCCFD5F-AC15-CD39-15CA-6F13DB195BFD}.Debug|x86.ActiveCfg = Debug|x86
		{4BCCFD5F-AC15-CD39-15CA-6F13DB195BFD}.Debug|x86.Build.0 = Debug|x86
		{4BCCFD5F-AC15-CD39-15CA-6F13DB195BFD}.Release|Any CPU.ActiveCfg = Release|Any CPU
		{4BCCFD5F-AC15-CD39-15CA-6F13DB195BFD}.Release|Any CPU.Build.0 = Release|Any CPU
		{4BCCFD5F-AC15-CD39-15CA-6F13DB195BFD}.Release|ARM.ActiveCfg = Release|Any CPU
		{4BCCFD5F-AC15-CD39-15CA-6F13DB195BFD}.Release|ARM.Build.0 = Release|Any CPU
		{4BCCFD5F-AC15-CD39-15CA-6F13DB195BFD}.Release|ARM32.ActiveCfg = Release|ARM32
		{4BCCFD5F-AC15-CD39-15CA-6F13DB195BFD}.Release|ARM32.Build.0 = Release|ARM32
		{4BCCFD5F-AC15-CD39-15CA-6F13DB195BFD}.Release|ARM64.ActiveCfg = Release|ARM64
		{4BCCFD5F-AC15-CD39-15CA-6F13DB195BFD}.Release|ARM64.Build.0 = Release|ARM64
		{4BCCFD5F-AC15-CD39-15CA-6F13DB195BFD}.Release|x64.ActiveCfg = Release|x64
		{4BCCFD5F-AC15-CD39-15CA-6F13DB195BFD}.Release|x64.Build.0 = Release|x64
		{4BCCFD5F-AC15-CD39-15CA-6F13DB195BFD}.Release|x86.ActiveCfg = Release|x86
		{4BCCFD5F-AC15-CD39-15CA-6F13DB195BFD}.Release|x86.Build.0 = Release|x86
	EndGlobalSection
	GlobalSection(SolutionProperties) = preSolution
		HideSolutionNode = FALSE
	EndGlobalSection
	GlobalSection(ExtensibilityGlobals) = postSolution
		SolutionGuid = {AB255F09-C1B0-45DB-95FC-7F6717283517}
	EndGlobalSection
EndGlobal
